// !$*UTF8*$!
{
	archiveVersion = 1;
	classes = {
	};
	objectVersion = 46;
	objects = {

/* Begin PBXBuildFile section */
		BCB74D641D19195300E3BEC1 /* main.m in Sources */ = {isa = PBXBuildFile; fileRef = BCB74D631D19195300E3BEC1 /* main.m */; };
		BCB74D671D19195300E3BEC1 /* AppDelegate.m in Sources */ = {isa = PBXBuildFile; fileRef = BCB74D661D19195300E3BEC1 /* AppDelegate.m */; };
		BCB74D6A1D19195300E3BEC1 /* ViewController.m in Sources */ = {isa = PBXBuildFile; fileRef = BCB74D691D19195300E3BEC1 /* ViewController.m */; };
		BCB74D6D1D19195300E3BEC1 /* Main.storyboard in Resources */ = {isa = PBXBuildFile; fileRef = BCB74D6B1D19195300E3BEC1 /* Main.storyboard */; };
		BCB74D6F1D19195300E3BEC1 /* Assets.xcassets in Resources */ = {isa = PBXBuildFile; fileRef = BCB74D6E1D19195300E3BEC1 /* Assets.xcassets */; };
		BCB74D721D19195300E3BEC1 /* LaunchScreen.storyboard in Resources */ = {isa = PBXBuildFile; fileRef = BCB74D701D19195300E3BEC1 /* LaunchScreen.storyboard */; };
		BCB74D7D1D19195300E3BEC1 /* DrawBoardTests.m in Sources */ = {isa = PBXBuildFile; fileRef = BCB74D7C1D19195300E3BEC1 /* DrawBoardTests.m */; };
		BCB74D881D19195300E3BEC1 /* DrawBoardUITests.m in Sources */ = {isa = PBXBuildFile; fileRef = BCB74D871D19195300E3BEC1 /* DrawBoardUITests.m */; };
		BCB74D971D19198900E3BEC1 /* DrawBoardView.m in Sources */ = {isa = PBXBuildFile; fileRef = BCB74D961D19198900E3BEC1 /* DrawBoardView.m */; };
/* End PBXBuildFile section */

/* Begin PBXContainerItemProxy section */
		BCB74D791D19195300E3BEC1 /* PBXContainerItemProxy */ = {
			isa = PBXContainerItemProxy;
			containerPortal = BCB74D571D19195200E3BEC1 /* Project object */;
			proxyType = 1;
			remoteGlobalIDString = BCB74D5E1D19195200E3BEC1;
			remoteInfo = DrawBoard;
		};
		BCB74D841D19195300E3BEC1 /* PBXContainerItemProxy */ = {
			isa = PBXContainerItemProxy;
			containerPortal = BCB74D571D19195200E3BEC1 /* Project object */;
			proxyType = 1;
			remoteGlobalIDString = BCB74D5E1D19195200E3BEC1;
			remoteInfo = DrawBoard;
		};
/* End PBXContainerItemProxy section */

/* Begin PBXFileReference section */
		BCB74D5F1D19195200E3BEC1 /* DrawBoard.app */ = {isa = PBXFileReference; explicitFileType = wrapper.application; includeInIndex = 0; path = DrawBoard.app; sourceTree = BUILT_PRODUCTS_DIR; };
		BCB74D631D19195300E3BEC1 /* main.m */ = {isa = PBXFileReference; lastKnownFileType = sourcecode.c.objc; path = main.m; sourceTree = "<group>"; };
		BCB74D651D19195300E3BEC1 /* AppDelegate.h */ = {isa = PBXFileReference; lastKnownFileType = sourcecode.c.h; path = AppDelegate.h; sourceTree = "<group>"; };
		BCB74D661D19195300E3BEC1 /* AppDelegate.m */ = {isa = PBXFileReference; lastKnownFileType = sourcecode.c.objc; path = AppDelegate.m; sourceTree = "<group>"; };
		BCB74D681D19195300E3BEC1 /* ViewController.h */ = {isa = PBXFileReference; lastKnownFileType = sourcecode.c.h; path = ViewController.h; sourceTree = "<group>"; };
		BCB74D691D19195300E3BEC1 /* ViewController.m */ = {isa = PBXFileReference; lastKnownFileType = sourcecode.c.objc; path = ViewController.m; sourceTree = "<group>"; };
		BCB74D6C1D19195300E3BEC1 /* Base */ = {isa = PBXFileReference; lastKnownFileType = file.storyboard; name = Base; path = Base.lproj/Main.storyboard; sourceTree = "<group>"; };
		BCB74D6E1D19195300E3BEC1 /* Assets.xcassets */ = {isa = PBXFileReference; lastKnownFileType = folder.assetcatalog; path = Assets.xcassets; sourceTree = "<group>"; };
		BCB74D711D19195300E3BEC1 /* Base */ = {isa = PBXFileReference; lastKnownFileType = file.storyboard; name = Base; path = Base.lproj/LaunchScreen.storyboard; sourceTree = "<group>"; };
		BCB74D731D19195300E3BEC1 /* Info.plist */ = {isa = PBXFileReference; lastKnownFileType = text.plist.xml; path = Info.plist; sourceTree = "<group>"; };
		BCB74D781D19195300E3BEC1 /* DrawBoardTests.xctest */ = {isa = PBXFileReference; explicitFileType = wrapper.cfbundle; includeInIndex = 0; path = DrawBoardTests.xctest; sourceTree = BUILT_PRODUCTS_DIR; };
		BCB74D7C1D19195300E3BEC1 /* DrawBoardTests.m */ = {isa = PBXFileReference; lastKnownFileType = sourcecode.c.objc; path = DrawBoardTests.m; sourceTree = "<group>"; };
		BCB74D7E1D19195300E3BEC1 /* Info.plist */ = {isa = PBXFileReference; lastKnownFileType = text.plist.xml; path = Info.plist; sourceTree = "<group>"; };
		BCB74D831D19195300E3BEC1 /* DrawBoardUITests.xctest */ = {isa = PBXFileReference; explicitFileType = wrapper.cfbundle; includeInIndex = 0; path = DrawBoardUITests.xctest; sourceTree = BUILT_PRODUCTS_DIR; };
		BCB74D871D19195300E3BEC1 /* DrawBoardUITests.m */ = {isa = PBXFileReference; lastKnownFileType = sourcecode.c.objc; path = DrawBoardUITests.m; sourceTree = "<group>"; };
		BCB74D891D19195300E3BEC1 /* Info.plist */ = {isa = PBXFileReference; lastKnownFileType = text.plist.xml; path = Info.plist; sourceTree = "<group>"; };
		BCB74D951D19198800E3BEC1 /* DrawBoardView.h */ = {isa = PBXFileReference; fileEncoding = 4; lastKnownFileType = sourcecode.c.h; path = DrawBoardView.h; sourceTree = "<group>"; };
		BCB74D961D19198900E3BEC1 /* DrawBoardView.m */ = {isa = PBXFileReference; fileEncoding = 4; lastKnownFileType = sourcecode.c.objc; path = DrawBoardView.m; sourceTree = "<group>"; };
/* End PBXFileReference section */

/* Begin PBXFrameworksBuildPhase section */
		BCB74D5C1D19195200E3BEC1 /* Frameworks */ = {
			isa = PBXFrameworksBuildPhase;
			buildActionMask = 2147483647;
			files = (
			);
			runOnlyForDeploymentPostprocessing = 0;
		};
		BCB74D751D19195300E3BEC1 /* Frameworks */ = {
			isa = PBXFrameworksBuildPhase;
			buildActionMask = 2147483647;
			files = (
			);
			runOnlyForDeploymentPostprocessing = 0;
		};
		BCB74D801D19195300E3BEC1 /* Frameworks */ = {
			isa = PBXFrameworksBuildPhase;
			buildActionMask = 2147483647;
			files = (
			);
			runOnlyForDeploymentPostprocessing = 0;
		};
/* End PBXFrameworksBuildPhase section */

/* Begin PBXGroup section */
		BCB74D561D19195200E3BEC1 = {
			isa = PBXGroup;
			children = (
				BCB74D611D19195300E3BEC1 /* DrawBoard */,
				BCB74D7B1D19195300E3BEC1 /* DrawBoardTests */,
				BCB74D861D19195300E3BEC1 /* DrawBoardUITests */,
				BCB74D601D19195200E3BEC1 /* Products */,
			);
			sourceTree = "<group>";
		};
		BCB74D601D19195200E3BEC1 /* Products */ = {
			isa = PBXGroup;
			children = (
				BCB74D5F1D19195200E3BEC1 /* DrawBoard.app */,
				BCB74D781D19195300E3BEC1 /* DrawBoardTests.xctest */,
				BCB74D831D19195300E3BEC1 /* DrawBoardUITests.xctest */,
			);
			name = Products;
			sourceTree = "<group>";
		};
		BCB74D611D19195300E3BEC1 /* DrawBoard */ = {
			isa = PBXGroup;
			children = (
				BCB74D651D19195300E3BEC1 /* AppDelegate.h */,
				BCB74D661D19195300E3BEC1 /* AppDelegate.m */,
				BCB74D681D19195300E3BEC1 /* ViewController.h */,
				BCB74D691D19195300E3BEC1 /* ViewController.m */,
				BCB74D951D19198800E3BEC1 /* DrawBoardView.h */,
				BCB74D961D19198900E3BEC1 /* DrawBoardView.m */,
				BCB74D6B1D19195300E3BEC1 /* Main.storyboard */,
				BCB74D6E1D19195300E3BEC1 /* Assets.xcassets */,
				BCB74D701D19195300E3BEC1 /* LaunchScreen.storyboard */,
				BCB74D731D19195300E3BEC1 /* Info.plist */,
				BCB74D621D19195300E3BEC1 /* Supporting Files */,
			);
			path = DrawBoard;
			sourceTree = "<group>";
		};
		BCB74D621D19195300E3BEC1 /* Supporting Files */ = {
			isa = PBXGroup;
			children = (
				BCB74D631D19195300E3BEC1 /* main.m */,
			);
			name = "Supporting Files";
			sourceTree = "<group>";
		};
		BCB74D7B1D19195300E3BEC1 /* DrawBoardTests */ = {
			isa = PBXGroup;
			children = (
				BCB74D7C1D19195300E3BEC1 /* DrawBoardTests.m */,
				BCB74D7E1D19195300E3BEC1 /* Info.plist */,
			);
			path = DrawBoardTests;
			sourceTree = "<group>";
		};
		BCB74D861D19195300E3BEC1 /* DrawBoardUITests */ = {
			isa = PBXGroup;
			children = (
				BCB74D871D19195300E3BEC1 /* DrawBoardUITests.m */,
				BCB74D891D19195300E3BEC1 /* Info.plist */,
			);
			path = DrawBoardUITests;
			sourceTree = "<group>";
		};
/* End PBXGroup section */

/* Begin PBXNativeTarget section */
		BCB74D5E1D19195200E3BEC1 /* DrawBoard */ = {
			isa = PBXNativeTarget;
			buildConfigurationList = BCB74D8C1D19195300E3BEC1 /* Build configuration list for PBXNativeTarget "DrawBoard" */;
			buildPhases = (
				BCB74D5B1D19195200E3BEC1 /* Sources */,
				BCB74D5C1D19195200E3BEC1 /* Frameworks */,
				BCB74D5D1D19195200E3BEC1 /* Resources */,
			);
			buildRules = (
			);
			dependencies = (
			);
			name = DrawBoard;
			productName = DrawBoard;
			productReference = BCB74D5F1D19195200E3BEC1 /* DrawBoard.app */;
			productType = "com.apple.product-type.application";
		};
		BCB74D771D19195300E3BEC1 /* DrawBoardTests */ = {
			isa = PBXNativeTarget;
			buildConfigurationList = BCB74D8F1D19195300E3BEC1 /* Build configuration list for PBXNativeTarget "DrawBoardTests" */;
			buildPhases = (
				BCB74D741D19195300E3BEC1 /* Sources */,
				BCB74D751D19195300E3BEC1 /* Frameworks */,
				BCB74D761D19195300E3BEC1 /* Resources */,
			);
			buildRules = (
			);
			dependencies = (
				BCB74D7A1D19195300E3BEC1 /* PBXTargetDependency */,
			);
			name = DrawBoardTests;
			productName = DrawBoardTests;
			productReference = BCB74D781D19195300E3BEC1 /* DrawBoardTests.xctest */;
			productType = "com.apple.product-type.bundle.unit-test";
		};
		BCB74D821D19195300E3BEC1 /* DrawBoardUITests */ = {
			isa = PBXNativeTarget;
			buildConfigurationList = BCB74D921D19195300E3BEC1 /* Build configuration list for PBXNativeTarget "DrawBoardUITests" */;
			buildPhases = (
				BCB74D7F1D19195300E3BEC1 /* Sources */,
				BCB74D801D19195300E3BEC1 /* Frameworks */,
				BCB74D811D19195300E3BEC1 /* Resources */,
			);
			buildRules = (
			);
			dependencies = (
				BCB74D851D19195300E3BEC1 /* PBXTargetDependency */,
			);
			name = DrawBoardUITests;
			productName = DrawBoardUITests;
			productReference = BCB74D831D19195300E3BEC1 /* DrawBoardUITests.xctest */;
			productType = "com.apple.product-type.bundle.ui-testing";
		};
/* End PBXNativeTarget section */

/* Begin PBXProject section */
		BCB74D571D19195200E3BEC1 /* Project object */ = {
			isa = PBXProject;
			attributes = {
				LastUpgradeCheck = 0730;
				ORGANIZATIONNAME = "king-mo";
				TargetAttributes = {
					BCB74D5E1D19195200E3BEC1 = {
						CreatedOnToolsVersion = 7.3;
					};
					BCB74D771D19195300E3BEC1 = {
						CreatedOnToolsVersion = 7.3;
						TestTargetID = BCB74D5E1D19195200E3BEC1;
					};
					BCB74D821D19195300E3BEC1 = {
						CreatedOnToolsVersion = 7.3;
						TestTargetID = BCB74D5E1D19195200E3BEC1;
					};
				};
			};
			buildConfigurationList = BCB74D5A1D19195200E3BEC1 /* Build configuration list for PBXProject "DrawBoard" */;
			compatibilityVersion = "Xcode 3.2";
			developmentRegion = English;
			hasScannedForEncodings = 0;
			knownRegions = (
				en,
				Base,
			);
			mainGroup = BCB74D561D19195200E3BEC1;
			productRefGroup = BCB74D601D19195200E3BEC1 /* Products */;
			projectDirPath = "";
			projectRoot = "";
			targets = (
				BCB74D5E1D19195200E3BEC1 /* DrawBoard */,
				BCB74D771D19195300E3BEC1 /* DrawBoardTests */,
				BCB74D821D19195300E3BEC1 /* DrawBoardUITests */,
			);
		};
/* End PBXProject section */

/* Begin PBXResourcesBuildPhase section */
		BCB74D5D1D19195200E3BEC1 /* Resources */ = {
			isa = PBXResourcesBuildPhase;
			buildActionMask = 2147483647;
			files = (
				BCB74D721D19195300E3BEC1 /* LaunchScreen.storyboard in Resources */,
				BCB74D6F1D19195300E3BEC1 /* Assets.xcassets in Resources */,
				BCB74D6D1D19195300E3BEC1 /* Main.storyboard in Resources */,
			);
			runOnlyForDeploymentPostprocessing = 0;
		};
		BCB74D761D19195300E3BEC1 /* Resources */ = {
			isa = PBXResourcesBuildPhase;
			buildActionMask = 2147483647;
			files = (
			);
			runOnlyForDeploymentPostprocessing = 0;
		};
		BCB74D811D19195300E3BEC1 /* Resources */ = {
			isa = PBXResourcesBuildPhase;
			buildActionMask = 2147483647;
			files = (
			);
			runOnlyForDeploymentPostprocessing = 0;
		};
/* End PBXResourcesBuildPhase section */

/* Begin PBXSourcesBuildPhase section */
		BCB74D5B1D19195200E3BEC1 /* Sources */ = {
			isa = PBXSourcesBuildPhase;
			buildActionMask = 2147483647;
			files = (
				BCB74D6A1D19195300E3BEC1 /* ViewController.m in Sources */,
				BCB74D671D19195300E3BEC1 /* AppDelegate.m in Sources */,
				BCB74D641D19195300E3BEC1 /* main.m in Sources */,
				BCB74D971D19198900E3BEC1 /* DrawBoardView.m in Sources */,
			);
			runOnlyForDeploymentPostprocessing = 0;
		};
		BCB74D741D19195300E3BEC1 /* Sources */ = {
			isa = PBXSourcesBuildPhase;
			buildActionMask = 2147483647;
			files = (
				BCB74D7D1D19195300E3BEC1 /* DrawBoardTests.m in Sources */,
			);
			runOnlyForDeploymentPostprocessing = 0;
		};
		BCB74D7F1D19195300E3BEC1 /* Sources */ = {
			isa = PBXSourcesBuildPhase;
			buildActionMask = 2147483647;
			files = (
				BCB74D881D19195300E3BEC1 /* DrawBoardUITests.m in Sources */,
			);
			runOnlyForDeploymentPostprocessing = 0;
		};
/* End PBXSourcesBuildPhase section */

/* Begin PBXTargetDependency section */
		BCB74D7A1D19195300E3BEC1 /* PBXTargetDependency */ = {
			isa = PBXTargetDependency;
			target = BCB74D5E1D19195200E3BEC1 /* DrawBoard */;
			targetProxy = BCB74D791D19195300E3BEC1 /* PBXContainerItemProxy */;
		};
		BCB74D851D19195300E3BEC1 /* PBXTargetDependency */ = {
			isa = PBXTargetDependency;
			target = BCB74D5E1D19195200E3BEC1 /* DrawBoard */;
			targetProxy = BCB74D841D19195300E3BEC1 /* PBXContainerItemProxy */;
		};
/* End PBXTargetDependency section */

/* Begin PBXVariantGroup section */
		BCB74D6B1D19195300E3BEC1 /* Main.storyboard */ = {
			isa = PBXVariantGroup;
			children = (
				BCB74D6C1D19195300E3BEC1 /* Base */,
			);
			name = Main.storyboard;
			sourceTree = "<group>";
		};
		BCB74D701D19195300E3BEC1 /* LaunchScreen.storyboard */ = {
			isa = PBXVariantGroup;
			children = (
				BCB74D711D19195300E3BEC1 /* Base */,
			);
			name = LaunchScreen.storyboard;
			sourceTree = "<group>";
		};
/* End PBXVariantGroup section */

/* Begin XCBuildConfiguration section */
		BCB74D8A1D19195300E3BEC1 /* Debug */ = {
			isa = XCBuildConfiguration;
			buildSettings = {
				ALWAYS_SEARCH_USER_PATHS = NO;
				CLANG_ANALYZER_NONNULL = YES;
				CLANG_CXX_LANGUAGE_STANDARD = "gnu++0x";
				CLANG_CXX_LIBRARY = "libc++";
				CLANG_ENABLE_MODULES = YES;
				CLANG_ENABLE_OBJC_ARC = YES;
				CLANG_WARN_BOOL_CONVERSION = YES;
				CLANG_WARN_CONSTANT_CONVERSION = YES;
				CLANG_WARN_DIRECT_OBJC_ISA_USAGE = YES_ERROR;
				CLANG_WARN_EMPTY_BODY = YES;
				CLANG_WARN_ENUM_CONVERSION = YES;
				CLANG_WARN_INT_CONVERSION = YES;
				CLANG_WARN_OBJC_ROOT_CLASS = YES_ERROR;
				CLANG_WARN_UNREACHABLE_CODE = YES;
				CLANG_WARN__DUPLICATE_METHOD_MATCH = YES;
				"CODE_SIGN_IDENTITY[sdk=iphoneos*]" = "iPhone Developer";
				COPY_PHASE_STRIP = NO;
				DEBUG_INFORMATION_FORMAT = dwarf;
				ENABLE_STRICT_OBJC_MSGSEND = YES;
				ENABLE_TESTABILITY = YES;
				GCC_C_LANGUAGE_STANDARD = gnu99;
				GCC_DYNAMIC_NO_PIC = NO;
				GCC_NO_COMMON_BLOCKS = YES;
				GCC_OPTIMIZATION_LEVEL = 0;
				GCC_PREPROCESSOR_DEFINITIONS = (
					"DEBUG=1",
					"$(inherited)",
				);
				GCC_WARN_64_TO_32_BIT_CONVERSION = YES;
				GCC_WARN_ABOUT_RETURN_TYPE = YES_ERROR;
				GCC_WARN_UNDECLARED_SELECTOR = YES;
				GCC_WARN_UNINITIALIZED_AUTOS = YES_AGGRESSIVE;
				GCC_WARN_UNUSED_FUNCTION = YES;
				GCC_WARN_UNUSED_VARIABLE = YES;
				IPHONEOS_DEPLOYMENT_TARGET = 9.3;
				MTL_ENABLE_DEBUG_INFO = YES;
				ONLY_ACTIVE_ARCH = YES;
				SDKROOT = iphoneos;
			};
			name = Debug;
		};
		BCB74D8B1D19195300E3BEC1 /* Release */ = {
			isa = XCBuildConfiguration;
			buildSettings = {
				ALWAYS_SEARCH_USER_PATHS = NO;
				CLANG_ANALYZER_NONNULL = YES;
				CLANG_CXX_LANGUAGE_STANDARD = "gnu++0x";
				CLANG_CXX_LIBRARY = "libc++";
				CLANG_ENABLE_MODULES = YES;
				CLANG_ENABLE_OBJC_ARC = YES;
				CLANG_WARN_BOOL_CONVERSION = YES;
				CLANG_WARN_CONSTANT_CONVERSION = YES;
				CLANG_WARN_DIRECT_OBJC_ISA_USAGE = YES_ERROR;
				CLANG_WARN_EMPTY_BODY = YES;
				CLANG_WARN_ENUM_CONVERSION = YES;
				CLANG_WARN_INT_CONVERSION = YES;
				CLANG_WARN_OBJC_ROOT_CLASS = YES_ERROR;
				CLANG_WARN_UNREACHABLE_CODE = YES;
				CLANG_WARN__DUPLICATE_METHOD_MATCH = YES;
				"CODE_SIGN_IDENTITY[sdk=iphoneos*]" = "iPhone Developer";
				COPY_PHASE_STRIP = NO;
				DEBUG_INFORMATION_FORMAT = "dwarf-with-dsym";
				ENABLE_NS_ASSERTIONS = NO;
				ENABLE_STRICT_OBJC_MSGSEND = YES;
				GCC_C_LANGUAGE_STANDARD = gnu99;
				GCC_NO_COMMON_BLOCKS = YES;
				GCC_WARN_64_TO_32_BIT_CONVERSION = YES;
				GCC_WARN_ABOUT_RETURN_TYPE = YES_ERROR;
				GCC_WARN_UNDECLARED_SELECTOR = YES;
				GCC_WARN_UNINITIALIZED_AUTOS = YES_AGGRESSIVE;
				GCC_WARN_UNUSED_FUNCTION = YES;
				GCC_WARN_UNUSED_VARIABLE = YES;
				IPHONEOS_DEPLOYMENT_TARGET = 9.3;
				MTL_ENABLE_DEBUG_INFO = NO;
				SDKROOT = iphoneos;
				VALIDATE_PRODUCT = YES;
			};
			name = Release;
		};
		BCB74D8D1D19195300E3BEC1 /* Debug */ = {
			isa = XCBuildConfiguration;
			buildSettings = {
				ASSETCATALOG_COMPILER_APPICON_NAME = AppIcon;
				INFOPLIST_FILE = DrawBoard/Info.plist;
				LD_RUNPATH_SEARCH_PATHS = "$(inherited) @executable_path/Frameworks";
				PRODUCT_BUNDLE_IDENTIFIER = king.DrawBoard;
				PRODUCT_NAME = "$(TARGET_NAME)";
			};
			name = Debug;
		};
		BCB74D8E1D19195300E3BEC1 /* Release */ = {
			isa = XCBuildConfiguration;
			buildSettings = {
				ASSETCATALOG_COMPILER_APPICON_NAME = AppIcon;
				INFOPLIST_FILE = DrawBoard/Info.plist;
				LD_RUNPATH_SEARCH_PATHS = "$(inherited) @executable_path/Frameworks";
				PRODUCT_BUNDLE_IDENTIFIER = king.DrawBoard;
				PRODUCT_NAME = "$(TARGET_NAME)";
			};
			name = Release;
		};
		BCB74D901D19195300E3BEC1 /* Debug */ = {
			isa = XCBuildConfiguration;
			buildSettings = {
				BUNDLE_LOADER = "$(TEST_HOST)";
				INFOPLIST_FILE = DrawBoardTests/Info.plist;
				LD_RUNPATH_SEARCH_PATHS = "$(inherited) @executable_path/Frameworks @loader_path/Frameworks";
				PRODUCT_BUNDLE_IDENTIFIER = king.DrawBoardTests;
				PRODUCT_NAME = "$(TARGET_NAME)";
				TEST_HOST = "$(BUILT_PRODUCTS_DIR)/DrawBoard.app/DrawBoard";
			};
			name = Debug;
		};
		BCB74D911D19195300E3BEC1 /* Release */ = {
			isa = XCBuildConfiguration;
			buildSettings = {
				BUNDLE_LOADER = "$(TEST_HOST)";
				INFOPLIST_FILE = DrawBoardTests/Info.plist;
				LD_RUNPATH_SEARCH_PATHS = "$(inherited) @executable_path/Frameworks @loader_path/Frameworks";
				PRODUCT_BUNDLE_IDENTIFIER = king.DrawBoardTests;
				PRODUCT_NAME = "$(TARGET_NAME)";
				TEST_HOST = "$(BUILT_PRODUCTS_DIR)/DrawBoard.app/DrawBoard";
			};
			name = Release;
		};
		BCB74D931D19195300E3BEC1 /* Debug */ = {
			isa = XCBuildConfiguration;
			buildSettings = {
				INFOPLIST_FILE = DrawBoardUITests/Info.plist;
				LD_RUNPATH_SEARCH_PATHS = "$(inherited) @executable_path/Frameworks @loader_path/Frameworks";
				PRODUCT_BUNDLE_IDENTIFIER = king.DrawBoardUITests;
				PRODUCT_NAME = "$(TARGET_NAME)";
				TEST_TARGET_NAME = DrawBoard;
			};
			name = Debug;
		};
		BCB74D941D19195300E3BEC1 /* Release */ = {
			isa = XCBuildConfiguration;
			buildSettings = {
				INFOPLIST_FILE = DrawBoardUITests/Info.plist;
				LD_RUNPATH_SEARCH_PATHS = "$(inherited) @executable_path/Frameworks @loader_path/Frameworks";
				PRODUCT_BUNDLE_IDENTIFIER = king.DrawBoardUITests;
				PRODUCT_NAME = "$(TARGET_NAME)";
				TEST_TARGET_NAME = DrawBoard;
			};
			name = Release;
		};
/* End XCBuildConfiguration section */

/* Begin XCConfigurationList section */
		BCB74D5A1D19195200E3BEC1 /* Build configuration list for PBXProject "DrawBoard" */ = {
			isa = XCConfigurationList;
			buildConfigurations = (
				BCB74D8A1D19195300E3BEC1 /* Debug */,
				BCB74D8B1D19195300E3BEC1 /* Release */,
			);
			defaultConfigurationIsVisible = 0;
			defaultConfigurationName = Release;
		};
		BCB74D8C1D19195300E3BEC1 /* Build configuration list for PBXNativeTarget "DrawBoard" */ = {
			isa = XCConfigurationList;
			buildConfigurations = (
				BCB74D8D1D19195300E3BEC1 /* Debug */,
				BCB74D8E1D19195300E3BEC1 /* Release */,
			);
			defaultConfigurationIsVisible = 0;
		};
		BCB74D8F1D19195300E3BEC1 /* Build configuration list for PBXNativeTarget "DrawBoardTests" */ = {
			isa = XCConfigurationList;
			buildConfigurations = (
				BCB74D901D19195300E3BEC1 /* Debug */,
				BCB74D911D19195300E3BEC1 /* Release */,
			);
			defaultConfigurationIsVisible = 0;
		};
		BCB74D921D19195300E3BEC1 /* Build configuration list for PBXNativeTarget "DrawBoardUITests" */ = {
			isa = XCConfigurationList;
			buildConfigurations = (
				BCB74D931D19195300E3BEC1 /* Debug */,
				BCB74D941D19195300E3BEC1 /* Release */,
			);
			defaultConfigurationIsVisible = 0;
		};
/* End XCConfigurationList section */
	};
	rootObject = BCB74D571D19195200E3BEC1 /* Project object */;
}
